
Microsoft Visual Studio Solution File, Format Version 12.00
# Visual Studio Version 17
VisualStudioVersion = 17.4.33122.133
MinimumVisualStudioVersion = 10.0.40219.1
Project("{FAE04EC0-301F-11D3-BF4B-00C04F79EFBC}") = "DecoratorDesignPattern", "DecoratorDesignPattern\DecoratorDesignPattern.csproj", "{CF1F6C66-9EBD-4E0C-AE9D-DD0DBDCC1A79}"
EndProject
Global
	GlobalSection(SolutionConfigurationPlatforms) = preSolution
		Debug|Any CPU = Debug|Any CPU
		Release|Any CPU = Release|Any CPU
	EndGlobalSection
	GlobalSection(ProjectConfigurationPlatforms) = postSolution
		{CF1F6C66-9EBD-4E0C-AE9D-DD0DBDCC1A79}.Debug|Any CPU.ActiveCfg = Debug|Any CPU
		{CF1F6C66-9EBD-4E0C-AE9D-DD0DBDCC1A79}.Debug|Any CPU.Build.0 = Debug|Any CPU
		{CF1F6C66-9EBD-4E0C-AE9D-DD0DBDCC1A79}.Release|Any CPU.ActiveCfg = Release|Any CPU
		{CF1F6C66-9EBD-4E0C-AE9D-DD0DBDCC1A79}.Release|Any CPU.Build.0 = Release|Any CPU
	EndGlobalSection
	GlobalSection(SolutionProperties) = preSolution
		HideSolutionNode = FALSE
	EndGlobalSection
	GlobalSection(ExtensibilityGlobals) = postSolution
		SolutionGuid = {A2A0292D-F924-457A-AAE3-632AC9B9BA6A}
	EndGlobalSection
EndGlobal
